{
  "version": 4,
  "terraform_version": "1.3.5",
  "serial": 12,
  "lineage": "b347f3d1-d566-4660-0598-58d57fd1cfb8",
  "outputs": {
    "created_storagepool": {
      "value": {
        "capacity_alert_critical_threshold": 77,
        "capacity_alert_high_threshold": 66,
        "fragmentation": false,
        "id": "c98f38dd00000007",
        "media_type": "HDD",
        "name": "storagepool3",
        "protected_maintenance_mode_bw_limit_per_device_in_kbps": 1028,
        "protected_maintenance_mode_io_priority_policy": "favorAppIos",
        "protected_maintenance_mode_num_of_concurrent_ios_per_device": 7,
        "protection_domain_id": "202a046600000000",
        "protection_domain_name": "domain1",
        "rebalance_bw_limit_per_device_in_kbps": 1032,
        "rebalance_enabled": false,
        "rebalance_io_priority_policy": "favorAppIos",
        "rebalance_num_of_concurrent_ios_per_device": 7,
        "rebuild_enabled": true,
        "rebuild_rebalance_parallelism": 5,
        "replication_journal_capacity": 0,
        "rm_cache_write_handling_mode": "Passthrough",
        "spare_percentage": 66,
        "use_rfcache": true,
        "use_rmcache": false,
        "vtree_migration_bw_limit_per_device_in_kbps": 1030,
        "vtree_migration_io_priority_policy": "favorAppIos",
        "vtree_migration_num_of_concurrent_ios_per_device": 7,
        "zero_padding_enabled": false
      },
      "type": [
        "object",
        {
          "capacity_alert_critical_threshold": "number",
          "capacity_alert_high_threshold": "number",
          "fragmentation": "bool",
          "id": "string",
          "media_type": "string",
          "name": "string",
          "protected_maintenance_mode_bw_limit_per_device_in_kbps": "number",
          "protected_maintenance_mode_io_priority_policy": "string",
          "protected_maintenance_mode_num_of_concurrent_ios_per_device": "number",
          "protection_domain_id": "string",
          "protection_domain_name": "string",
          "rebalance_bw_limit_per_device_in_kbps": "number",
          "rebalance_enabled": "bool",
          "rebalance_io_priority_policy": "string",
          "rebalance_num_of_concurrent_ios_per_device": "number",
          "rebuild_enabled": "bool",
          "rebuild_rebalance_parallelism": "number",
          "replication_journal_capacity": "number",
          "rm_cache_write_handling_mode": "string",
          "spare_percentage": "number",
          "use_rfcache": "bool",
          "use_rmcache": "bool",
          "vtree_migration_bw_limit_per_device_in_kbps": "number",
          "vtree_migration_io_priority_policy": "string",
          "vtree_migration_num_of_concurrent_ios_per_device": "number",
          "zero_padding_enabled": "bool"
        }
      ]
    }
  },
  "resources": [
    {
      "mode": "managed",
      "type": "powerflex_storage_pool",
      "name": "sp",
      "provider": "provider[\"registry.terraform.io/dell/powerflex\"]",
      "instances": [
        {
          "schema_version": 0,
          "attributes": {
            "capacity_alert_critical_threshold": 77,
            "capacity_alert_high_threshold": 66,
            "fragmentation": false,
            "id": "c98f38dd00000007",
            "media_type": "HDD",
            "name": "storagepool3",
            "protected_maintenance_mode_bw_limit_per_device_in_kbps": 1028,
            "protected_maintenance_mode_io_priority_policy": "favorAppIos",
            "protected_maintenance_mode_num_of_concurrent_ios_per_device": 7,
            "protection_domain_id": "202a046600000000",
            "protection_domain_name": "domain1",
            "rebalance_bw_limit_per_device_in_kbps": 1032,
            "rebalance_enabled": false,
            "rebalance_io_priority_policy": "favorAppIos",
            "rebalance_num_of_concurrent_ios_per_device": 7,
            "rebuild_enabled": true,
            "rebuild_rebalance_parallelism": 5,
            "replication_journal_capacity": 0,
            "rm_cache_write_handling_mode": "Passthrough",
            "spare_percentage": 66,
            "use_rfcache": true,
            "use_rmcache": false,
            "vtree_migration_bw_limit_per_device_in_kbps": 1030,
            "vtree_migration_io_priority_policy": "favorAppIos",
            "vtree_migration_num_of_concurrent_ios_per_device": 7,
            "zero_padding_enabled": false
          },
          "sensitive_attributes": []
        }
      ]
    },
    {
      "mode": "managed",
      "type": "powerflex_storage_pool",
      "name": "sp2",
      "provider": "provider[\"registry.terraform.io/dell/powerflex\"]",
      "instances": [
        {
          "schema_version": 0,
          "attributes": {
            "capacity_alert_critical_threshold": 90,
            "capacity_alert_high_threshold": 68,
            "fragmentation": true,
            "id": "c98f38db00000005",
            "media_type": "HDD",
            "name": "storagepool4",
            "protected_maintenance_mode_bw_limit_per_device_in_kbps": 10240,
            "protected_maintenance_mode_io_priority_policy": "limitNumOfConcurrentIos",
            "protected_maintenance_mode_num_of_concurrent_ios_per_device": 9,
            "protection_domain_id": "202a046600000000",
            "protection_domain_name": "domain1",
            "rebalance_bw_limit_per_device_in_kbps": 10240,
            "rebalance_enabled": true,
            "rebalance_io_priority_policy": "limitNumOfConcurrentIos",
            "rebalance_num_of_concurrent_ios_per_device": 8,
            "rebuild_enabled": false,
            "rebuild_rebalance_parallelism": 6,
            "replication_journal_capacity": 0,
            "rm_cache_write_handling_mode": "Passthrough",
            "spare_percentage": 67,
            "use_rfcache": true,
            "use_rmcache": true,
            "vtree_migration_bw_limit_per_device_in_kbps": 10240,
            "vtree_migration_io_priority_policy": "limitNumOfConcurrentIos",
            "vtree_migration_num_of_concurrent_ios_per_device": 10,
            "zero_padding_enabled": true
          },
          "sensitive_attributes": []
        }
      ]
    },
    {
      "mode": "managed",
      "type": "powerflex_storage_pool",
      "name": "sp3",
      "provider": "provider[\"registry.terraform.io/dell/powerflex\"]",
      "instances": [
        {
          "schema_version": 0,
          "attributes": {
            "capacity_alert_critical_threshold": 88,
            "capacity_alert_high_threshold": 80,
            "fragmentation": true,
            "id": "c98f38dc00000006",
            "media_type": "HDD",
            "name": "storagepool5",
            "protected_maintenance_mode_bw_limit_per_device_in_kbps": 0,
            "protected_maintenance_mode_io_priority_policy": "unlimited",
            "protected_maintenance_mode_num_of_concurrent_ios_per_device": 0,
            "protection_domain_id": "202a046600000000",
            "protection_domain_name": "domain1",
            "rebalance_bw_limit_per_device_in_kbps": 0,
            "rebalance_enabled": true,
            "rebalance_io_priority_policy": "unlimited",
            "rebalance_num_of_concurrent_ios_per_device": 0,
            "rebuild_enabled": true,
            "rebuild_rebalance_parallelism": 7,
            "replication_journal_capacity": 0,
            "rm_cache_write_handling_mode": "Cached",
            "spare_percentage": 68,
            "use_rfcache": false,
            "use_rmcache": true,
            "vtree_migration_bw_limit_per_device_in_kbps": 10240,
            "vtree_migration_io_priority_policy": "favorAppIos",
            "vtree_migration_num_of_concurrent_ios_per_device": 1,
            "zero_padding_enabled": false
          },
          "sensitive_attributes": []
        }
      ]
    }
  ],
  "check_results": null
}
